
Microsoft Visual Studio Solution File, Format Version 12.00
# Visual Studio Version 17
VisualStudioVersion = 17.14.36623.8 d17.14
MinimumVisualStudioVersion = 10.0.40219.1
Project("{FAE04EC0-301F-11D3-BF4B-00C04F79EFBC}") = "Tawsella.WebApi", "Tawsella.WebApi\Tawsella.WebApi.csproj", "{8F9FD986-826D-4F28-B043-6FA237963969}"
EndProject
Project("{FAE04EC0-301F-11D3-BF4B-00C04F79EFBC}") = "Tawsella.Infrastructure", "Tawsella.Infrastructure\Tawsella.Infrastructure.csproj", "{3222D1AF-53B6-4D2D-905A-919A2F129404}"
EndProject
Project("{FAE04EC0-301F-11D3-BF4B-00C04F79EFBC}") = "Tawsella.Application", "Tawsella.Application\Tawsella.Application.csproj", "{BA396468-A9A7-436A-BFB8-71E80B043579}"
EndProject
Project("{FAE04EC0-301F-11D3-BF4B-00C04F79EFBC}") = "Tawsella.Domain", "Tawsella.Domain\Tawsella.Domain.csproj", "{80FEB02C-B781-4717-9593-79680A6C0655}"
EndProject
Global
	GlobalSection(SolutionConfigurationPlatforms) = preSolution
		Debug|Any CPU = Debug|Any CPU
		Release|Any CPU = Release|Any CPU
	EndGlobalSection
	GlobalSection(ProjectConfigurationPlatforms) = postSolution
		{8F9FD986-826D-4F28-B043-6FA237963969}.Debug|Any CPU.ActiveCfg = Debug|Any CPU
		{8F9FD986-826D-4F28-B043-6FA237963969}.Debug|Any CPU.Build.0 = Debug|Any CPU
		{8F9FD986-826D-4F28-B043-6FA237963969}.Release|Any CPU.ActiveCfg = Release|Any CPU
		{8F9FD986-826D-4F28-B043-6FA237963969}.Release|Any CPU.Build.0 = Release|Any CPU
		{3222D1AF-53B6-4D2D-905A-919A2F129404}.Debug|Any CPU.ActiveCfg = Debug|Any CPU
		{3222D1AF-53B6-4D2D-905A-919A2F129404}.Debug|Any CPU.Build.0 = Debug|Any CPU
		{3222D1AF-53B6-4D2D-905A-919A2F129404}.Release|Any CPU.ActiveCfg = Release|Any CPU
		{3222D1AF-53B6-4D2D-905A-919A2F129404}.Release|Any CPU.Build.0 = Release|Any CPU
		{BA396468-A9A7-436A-BFB8-71E80B043579}.Debug|Any CPU.ActiveCfg = Debug|Any CPU
		{BA396468-A9A7-436A-BFB8-71E80B043579}.Debug|Any CPU.Build.0 = Debug|Any CPU
		{BA396468-A9A7-436A-BFB8-71E80B043579}.Release|Any CPU.ActiveCfg = Release|Any CPU
		{BA396468-A9A7-436A-BFB8-71E80B043579}.Release|Any CPU.Build.0 = Release|Any CPU
		{80FEB02C-B781-4717-9593-79680A6C0655}.Debug|Any CPU.ActiveCfg = Debug|Any CPU
		{80FEB02C-B781-4717-9593-79680A6C0655}.Debug|Any CPU.Build.0 = Debug|Any CPU
		{80FEB02C-B781-4717-9593-79680A6C0655}.Release|Any CPU.ActiveCfg = Release|Any CPU
		{80FEB02C-B781-4717-9593-79680A6C0655}.Release|Any CPU.Build.0 = Release|Any CPU
	EndGlobalSection
	GlobalSection(SolutionProperties) = preSolution
		HideSolutionNode = FALSE
	EndGlobalSection
	GlobalSection(ExtensibilityGlobals) = postSolution
		SolutionGuid = {8037FCF6-FB51-4A32-9A09-9EB989B5A585}
	EndGlobalSection
EndGlobal
